bcpg_1.79.0.jar
bcprov_1.79.0.jar
bcutil_1.79.0.jar
org.apache.felix.scr_2.2.12.jar
org.eclipse.core.contenttype_3.9.600.v20241001-1711.jar
org.eclipse.core.jobs_3.15.400.v20240619-0602.jar
org.eclipse.core.runtime_3.32.0.v20241003-0436.jar
org.eclipse.ecf.filetransfer_5.1.103.v20230705-0614.jar
org.eclipse.ecf.identity_3.10.0.v20240812-1535.jar
org.eclipse.ecf.provider.filetransfer_3.3.0.v20240812-1535.jar
org.eclipse.ecf_3.11.0.v20240812-1535.jar
org.eclipse.equinox.app_1.7.200.v20240722-2103.jar
org.eclipse.equinox.common_3.19.200.v20241004-0654.jar
org.eclipse.equinox.concurrent_1.3.100.v20240514-0729.jar
org.eclipse.equinox.frameworkadmin.equinox_1.3.200.v20240321-1450.jar
org.eclipse.equinox.frameworkadmin_2.3.200.v20240321-1450.jar
org.eclipse.equinox.p2.artifact.repository_1.5.500.v20240918-1902.jar
org.eclipse.equinox.p2.core_2.12.200.v20240918-1902.jar
org.eclipse.equinox.p2.director_2.6.500.v20240918-1902.jar
org.eclipse.equinox.p2.engine_2.10.300.v20240918-1902.jar
org.eclipse.equinox.p2.garbagecollector_1.3.400.v20241012-1120.jar
org.eclipse.equinox.p2.jarprocessor_1.3.400.v20240321-1450.jar
org.eclipse.equinox.p2.metadata.repository_1.5.400.v20240515-1919.jar
org.eclipse.equinox.p2.metadata_2.9.200.v20241019-1812.jar
org.eclipse.equinox.p2.operations_2.7.400.v20240425-0751.jar
org.eclipse.equinox.p2.repository_2.9.200.v20241012-1120.jar
org.eclipse.equinox.p2.touchpoint.eclipse_2.4.300.v20240511-1722.jar
org.eclipse.equinox.p2.touchpoint.natives_1.5.400.v20240918-1902.jar
org.eclipse.equinox.p2.transport.ecf_1.4.300.v20240321-1450.jar
org.eclipse.equinox.preferences_3.11.200.v20240911-1044.jar
org.eclipse.equinox.registry_3.12.200.v20241004-0654.jar
org.eclipse.equinox.security_1.4.400.v20240702-1702.jar
org.eclipse.equinox.simpleconfigurator.manipulator_2.3.300.v20240702-1335.jar
org.eclipse.equinox.simpleconfigurator_1.5.300.v20240424-1301.jar
org.eclipse.osgi.compatibility.state_1.2.1000.v20240213-1057.jar
org.eclipse.osgi_3.22.0.v20241030-2121.jar
org.osgi.service.component_1.5.1.202212101352.jar
org.osgi.service.prefs_1.1.2.202109301733.jar
org.osgi.util.function_1.2.0.202109301733.jar
org.osgi.util.promise_1.3.0.202212101352.jar
org.sat4j.core_2.3.6.v20201214.jar
org.sat4j.pb_2.3.6.v20201214.jar
org.tukaani.xz_1.10.0.jar
