bcpg_1.79.0.jar
bcprov_1.79.0.jar
bcutil_1.79.0.jar
biz.aQute.bnd.util_7.0.0.202310060912.jar
biz.aQute.bndlib_7.0.0.202310060912.jar
bndtools.api_7.0.0.202310060912.jar
cn.varsa.pde_1.0.0.jar
com.ibm.icu_76.1.0.jar
com.sun.jna.platform_5.15.0.jar
com.sun.jna_5.15.0.v20240915-2000
jakarta.annotation-api_2.1.1.jar
jakarta.inject.jakarta.inject-api_2.0.1.jar
org.apache.aries.spifly.dynamic.bundle_1.3.7.jar
org.apache.felix.scr_2.2.12.jar
org.bndtools.versioncontrol.ignores.manager_7.0.0.202310060912.jar
org.bndtools.versioncontrol.ignores.plugin.git_7.0.0.202310060912.jar
org.eclipse.ant.core_3.7.500.v20241028-1712.jar
org.eclipse.compare.core_3.8.600.v20240915-0814.jar
org.eclipse.core.commands_3.12.200.v20240627-1019.jar
org.eclipse.core.contenttype_3.9.600.v20241001-1711.jar
org.eclipse.core.expressions_3.9.400.v20240413-1529.jar
org.eclipse.core.filebuffers_3.8.300.v20240207-1054.jar
org.eclipse.core.filesystem_1.11.100.v20241022-0806.jar
org.eclipse.core.jobs_3.15.400.v20240619-0602.jar
org.eclipse.core.resources_3.22.0.v20241001-1711.jar
org.eclipse.core.runtime_3.32.0.v20241003-0436.jar
org.eclipse.core.variables_3.6.500.v20240702-1152.jar
org.eclipse.debug.core_3.22.0.v20241113-1056.jar
org.eclipse.e4.core.contexts_1.13.0.v20241014-2013.jar
org.eclipse.e4.core.di.annotations_1.8.400.v20240413-1529.jar
org.eclipse.e4.core.di_1.9.500.v20240606-1236.jar
org.eclipse.e4.core.services_2.5.0.v20241015-2219.jar
org.eclipse.equinox.app_1.7.200.v20240722-2103.jar
org.eclipse.equinox.common_3.19.200.v20241004-0654.jar
org.eclipse.equinox.frameworkadmin.equinox_1.3.200.v20240321-1450.jar
org.eclipse.equinox.frameworkadmin_2.3.200.v20240321-1450.jar
org.eclipse.equinox.p2.artifact.repository_1.5.500.v20240918-1902.jar
org.eclipse.equinox.p2.core_2.12.200.v20240918-1902.jar
org.eclipse.equinox.p2.director_2.6.500.v20240918-1902.jar
org.eclipse.equinox.p2.engine_2.10.300.v20240918-1902.jar
org.eclipse.equinox.p2.garbagecollector_1.3.400.v20241012-1120.jar
org.eclipse.equinox.p2.jarprocessor_1.3.400.v20240321-1450.jar
org.eclipse.equinox.p2.metadata.repository_1.5.400.v20240515-1919.jar
org.eclipse.equinox.p2.metadata_2.9.200.v20241019-1812.jar
org.eclipse.equinox.p2.publisher.eclipse_1.6.300.v20240927-2148.jar
org.eclipse.equinox.p2.publisher_1.9.300.v20240918-1902.jar
org.eclipse.equinox.p2.repository.tools_2.4.500.v20240918-1902.jar
org.eclipse.equinox.p2.repository_2.9.200.v20241012-1120.jar
org.eclipse.equinox.p2.touchpoint.eclipse_2.4.300.v20240511-1722.jar
org.eclipse.equinox.preferences_3.11.200.v20240911-1044.jar
org.eclipse.equinox.registry_3.12.200.v20241004-0654.jar
org.eclipse.equinox.security_1.4.400.v20240702-1702.jar
org.eclipse.equinox.simpleconfigurator.manipulator_2.3.300.v20240702-1335.jar
org.eclipse.equinox.simpleconfigurator_1.5.300.v20240424-1301.jar
org.eclipse.jdt.core.compiler.batch_3.40.0.v20241112-0530.jar
org.eclipse.jdt.core_3.40.0.v20241118-1641.jar
org.eclipse.jdt.debug_3.21.600.v20241021-1521
org.eclipse.jdt.launching_3.23.100.v20241028-0746.jar
org.eclipse.osgi.compatibility.state_1.2.1000.v20240213-1057.jar
org.eclipse.osgi_3.22.0.v20241030-2121.jar
org.eclipse.pde.api.tools_1.3.600.v20241107-1016.jar
org.eclipse.pde.build_3.12.600.v20241025-1056
org.eclipse.pde.core_3.20.0.v20241110-1456.jar
org.eclipse.team.core_3.10.500.v20240621-0541.jar
org.eclipse.text_3.14.200.v20240915-0736.jar
org.objectweb.asm.commons_9.7.1.jar
org.objectweb.asm.tree.analysis_9.7.1.jar
org.objectweb.asm.tree_9.7.1.jar
org.objectweb.asm.util_9.7.1.jar
org.objectweb.asm_9.7.1.jar
org.osgi.service.component_1.5.1.202212101352.jar
org.osgi.service.event_1.4.1.202109301733.jar
org.osgi.service.prefs_1.1.2.202109301733.jar
org.osgi.service.repository_1.1.0.201505202024.jar
org.osgi.util.function_1.2.0.202109301733.jar
org.osgi.util.promise_1.3.0.202212101352.jar
org.sat4j.core_2.3.6.v20201214.jar
org.sat4j.pb_2.3.6.v20201214.jar
org.tukaani.xz_1.10.0.jar
slf4j.api_2.0.16.jar
slf4j.simple_2.0.16.jar
